# Generated by conda-lock.
# platform: linux-64
# input_hash: 09bdd7d4e74530d967d811d51ce04dc2fcbaf8be804f5d2a5a970eb3c9446e99
@EXPLICIT
https://conda.anaconda.org/conda-forge/linux-64/fenics-basix-nanobind-abi-2.19-py311hc17270f_0.conda#c3011c8f397171355cfd8b78dfa99ffe
https://conda.anaconda.org/conda-forge/noarch/kernel-headers_linux-64-4.18.0-he073ed8_9.conda#86d9cba083cd041bfbf242a01a7a1999
https://conda.anaconda.org/conda-forge/noarch/mpi-1.0.1-mpich.conda#1052de900d672ec8b3713b8e300a8f06
https://conda.anaconda.org/conda-forge/linux-64/mumps-include-5.8.2-h580308f_3.conda#6844818898a06bb4f0c6ffdccfa7c5b2
https://conda.anaconda.org/conda-forge/noarch/nanobind-abi-19-hd8ed1ab_0.conda#7b5ccac0c559d483b115299be2ea06f6
https://conda.anaconda.org/conda-forge/noarch/python_abi-3.12-9_cp312.conda#4c32076993e6270825441d059ab5c18b
https://conda.anaconda.org/conda-forge/noarch/tzdata-2026c-h151e31d_0.conda#fcb489df604d100968b737f2cb6076c6
https://conda.anaconda.org/conda-forge/noarch/ca-certificates-2026.7.22-hbd8a1cb_0.conda#0f51e2391ade309db462a55611263e9c
https://conda.anaconda.org/conda-forge/noarch/fenics-ufcx-0.11.0-haec879b_0.conda#d957efc14d0391fbcdd11a6a7a30088a
https://conda.anaconda.org/conda-forge/noarch/libboost-headers-1.90.0-h707e725_3.conda#728d99be2ec827372c0eacea4c1baa10
https://conda.anaconda.org/conda-forge/noarch/libgcc-devel_linux-64-15.3.0-h2b852eb_107.conda#057ab488a4da13485caa3b672df9824a
https://conda.anaconda.org/conda-forge/linux-64/libgomp-16.2.0-he0feb66_7.conda#d904c7ddd95e026254b4b80808ee9e12
https://conda.anaconda.org/conda-forge/noarch/libstdcxx-devel_linux-64-15.3.0-hb2c5482_107.conda#edce245dade1c29f691983796b4b8414
https://conda.anaconda.org/conda-forge/linux-64/libzlib-1.3.2-h25fd6f3_3.conda#0de0122d9570a8ab637c6b73db268389
https://conda.anaconda.org/conda-forge/linux-64/llvm-openmp-23.1.2-h7148c6a_0.conda#ea93fc2d6563d7401bba4a6fffd9d641
https://conda.anaconda.org/conda-forge/noarch/sysroot_linux-64-2.28-h4ee821c_9.conda#13dc3adbc692664cd3beabd216434749
https://conda.anaconda.org/conda-forge/linux-64/_openmp_mutex-4.5-8_kmp_llvm.conda#b4d1b93dd1dab4eea23395fd5e5b357d
https://conda.anaconda.org/conda-forge/linux-64/zlib-1.3.2-h25fd6f3_3.conda#6acb86426229f96f93e5468d1df3a5e8
https://conda.anaconda.org/conda-forge/linux-64/zstd-1.5.7-hb78ec9c_7.conda#aa459086047c0e5e27023ab19f8cb86a
https://conda.anaconda.org/conda-forge/linux-64/ld_impl_linux-64-2.46.1-default_hbd61a6d_102.conda#449500f2c089da11c40f5c21312e3e07
https://conda.anaconda.org/conda-forge/linux-64/libgcc-16.2.0-ha9f2e26_7.conda#735629b400b70eeab21a2ba8f5b1c2ce
https://conda.anaconda.org/conda-forge/linux-64/binutils_impl_linux-64-2.46.1-default_hfdba357_102.conda#a0c5e0b7f58c8ceeb08e5bc41251d5a2
https://conda.anaconda.org/conda-forge/linux-64/bzip2-1.0.8-hda65f42_10.conda#e675fabcf81499adc7edf58124fb1e01
https://conda.anaconda.org/conda-forge/linux-64/c-ares-1.34.8-hebe6cf0_2.conda#3ad2b403be8fc5612b9159e2ce621f69
https://conda.anaconda.org/conda-forge/linux-64/giflib-6.1.3-hebe6cf0_2.conda#07bdd65afe03df3fb5dbcaa8257c64a3
https://conda.anaconda.org/conda-forge/linux-64/json-c-0.18-hebe6cf0_2.conda#9aa77c4e7f9a988df94da18a7b9b90fe
https://conda.anaconda.org/conda-forge/linux-64/keyutils-1.6.3-h7cc23a3_1.conda#ba55d1b89fd7775e67de8291029b4059
https://conda.anaconda.org/conda-forge/linux-64/libbrotlicommon-1.2.0-h39a168f_4.conda#df210655e30a05e3b069c91b7aaddd2d
https://conda.anaconda.org/conda-forge/linux-64/libcap-2.78-h084b8d7_1.conda#5db514adf5f843126ff846d1510f22a4
https://conda.anaconda.org/conda-forge/linux-64/libdeflate-1.25-hd45a770_1.conda#40f9b31aa9cf007789867df0decd0492
https://conda.anaconda.org/conda-forge/linux-64/libev-4.33-h280c20c_3.conda#7bc31538d6e3fb349e897353969237ec
https://conda.anaconda.org/conda-forge/linux-64/libexpat-2.8.5-hd2095e1_0.conda#72cfd2b95b0540247220b42f58a148d7
https://conda.anaconda.org/conda-forge/linux-64/libffi-3.5.2-h3435931_0.conda#a360c33a5abe61c07959e449fa1453eb
https://conda.anaconda.org/conda-forge/linux-64/libgcc-ng-16.2.0-h69a702a_7.conda#2005515ac9340f816fb2ac7e83afe553
https://conda.anaconda.org/conda-forge/linux-64/libgfortran5-16.2.0-h6b99dfc_7.conda#7719ed7be38ad8c492c4bd5cc2bce0c4
https://conda.anaconda.org/conda-forge/linux-64/libiconv-1.18-h0cb94f2_3.conda#f92233bf33e24a25668bb2119e2c51f9
https://conda.anaconda.org/conda-forge/linux-64/libjpeg-turbo-3.2.0-hb03c661_1.conda#898d1c9793eaa52efc4727bd84d2e39a
https://conda.anaconda.org/conda-forge/linux-64/liblzma-5.8.3-hb03c661_1.conda#1390b7c5ac0b1d8e447bc5efa6d3c8c2
https://conda.anaconda.org/conda-forge/linux-64/libnl-3.11.0-hb03c661_1.conda#eeaf53e3c9593d63ffee5ad97182858e
https://conda.anaconda.org/conda-forge/linux-64/libnsl-2.0.1-hb9d3cd8_1.conda#d864d34357c3b65a4b731f78c0801dc4
https://conda.anaconda.org/conda-forge/linux-64/libpng-1.6.58-h922cc85_1.conda#fcf71c8d979148873f6f8ad4cfc73d86
https://conda.anaconda.org/conda-forge/linux-64/libsodium-1.0.22-hebe6cf0_3.conda#2d14868d78e969226e4ba07444c0dd25
https://conda.anaconda.org/conda-forge/linux-64/libstdcxx-16.2.0-h934c35e_7.conda#9b6707e0caca917fa6ea9ee473f37a5d
https://conda.anaconda.org/conda-forge/linux-64/libuuid-2.42.4-hcfc3c73_0.conda#54a948337e66706380ff24d6b5fde63f
https://conda.anaconda.org/conda-forge/linux-64/libuv-1.52.1-h280c20c_1.conda#01c4ed87826af55996768af6dbc936b4
https://conda.anaconda.org/conda-forge/linux-64/libwebp-base-1.6.0-hd42ef1d_1.conda#9332b53d0ea93c5d39e33be03a0c611a
https://conda.anaconda.org/conda-forge/linux-64/libxcrypt-4.4.38-h280c20c_0.conda#f7a7ff5a6ab331e037abd34f379a631d
https://conda.anaconda.org/conda-forge/linux-64/lzo-2.10-hebe6cf0_1003.conda#10e0aa58ed390ba598b728badf9eb1b7
https://conda.anaconda.org/conda-forge/linux-64/ncurses-6.6-hdb14827_1.conda#ee6c0cd80a60961a1f48aa3e0b91f986
https://conda.anaconda.org/conda-forge/linux-64/openssl-3.6.4-h781a0a9_0.conda#16e3034a330cc625f2c685edec60cf4e
https://conda.anaconda.org/conda-forge/linux-64/pkg-config-0.29.2-h1114479_1013.conda#0aab2923309084c5f89ef32cd39a19b2
https://conda.anaconda.org/conda-forge/linux-64/rhash-1.4.6-hb03c661_2.conda#007602d697e07c11ff9864964eba5ee3
https://conda.anaconda.org/conda-forge/linux-64/tk-8.6.13-noxft_h1df4ec4_4.conda#676a2f9b1c4fcf57b70aa5c65f6c60d0
https://conda.anaconda.org/conda-forge/linux-64/yaml-0.2.5-hebe6cf0_3.conda#e741576fb8f89821ac7c1c537322a33d
https://conda.anaconda.org/conda-forge/linux-64/binutils-2.46.1-default_h4852527_102.conda#e8452fe381cac5fff20563a07722dfa5
https://conda.anaconda.org/conda-forge/linux-64/fmt-12.1.0-h76c4fd7_1.conda#a70bb6d42ad121aef456e0007e92bed6
https://conda.anaconda.org/conda-forge/linux-64/geos-3.14.1-h55b0958_0.conda#5f856b72ca9cd5b5b4a1c43551804622
https://conda.anaconda.org/conda-forge/linux-64/icu-78.3-py310h44b86e0_2.conda#72a381cbad04f24b1c2a43ef707f45b4
https://conda.anaconda.org/conda-forge/linux-64/lerc-4.2.0-hdb68285_0.conda#fb9d356b1a57d6d54768be7ebd5fce09
https://conda.anaconda.org/conda-forge/linux-64/libaec-1.1.5-h088129d_0.conda#86f7414544ae606282352fa1e116b41f
https://conda.anaconda.org/conda-forge/linux-64/libbrotlidec-1.2.0-ha411449_4.conda#0cfd601eb03cca403dcc248844787486
https://conda.anaconda.org/conda-forge/linux-64/libbrotlienc-1.2.0-h018ffa1_4.conda#4136f6e4ef4835cc7df39a707cbd511c
https://conda.anaconda.org/conda-forge/linux-64/libedit-3.1.20250104-pl5321h373387f_1.conda#50708d3b951d0f8e2d7f2df5b5edc040
https://conda.anaconda.org/conda-forge/linux-64/libgfortran-16.2.0-h69a702a_7.conda#3a8d285f5f22138ef826ad54cf267e73
https://conda.anaconda.org/conda-forge/linux-64/libhwy-1.4.0-h57c4cff_1.conda#d58bfbaaf51ed85771eae92c2e7f5816
https://conda.anaconda.org/conda-forge/linux-64/libnghttp2-1.68.1-h74cf4be_1.conda#75d211f04ac87506f1f43420712a69fe
https://conda.anaconda.org/conda-forge/linux-64/libsanitizer-15.3.0-h54950a5_7.conda#04361d154f650289702f20c0ff86d7be
https://conda.anaconda.org/conda-forge/linux-64/libssh2-1.11.1-h6154650_1.conda#5c526561e1d2a2e071941174eae84557
https://conda.anaconda.org/conda-forge/linux-64/libstdcxx-ng-16.2.0-hdf11a46_7.conda#25a23bde5e26d548374f3e02b4669670
https://conda.anaconda.org/conda-forge/linux-64/libsystemd0-262-h26e0ef7_1.conda#96ff98aea30451e7f055572cdc6fc1df
https://conda.anaconda.org/conda-forge/linux-64/libudev1-262-h26e0ef7_1.conda#81a7d9109640834eb0e0b9352472004d
https://conda.anaconda.org/conda-forge/linux-64/lz4-c-1.10.0-hee9eb32_2.conda#e38a3253d72ab07d471483f24947e2a2
https://conda.anaconda.org/conda-forge/linux-64/metis-5.1.0-h86e3903_1008.conda#bd71f3eb5f383d32032e344784d928f6
https://conda.anaconda.org/conda-forge/linux-64/minizip-4.2.2-haac24f3_1.conda#3fee8d11b0d8a54fb899749052accb4f
https://conda.anaconda.org/conda-forge/linux-64/muparser-2.3.5-hee9eb32_1.conda#7de84fd76ec2bdb7ac617507de3d3052
https://conda.anaconda.org/conda-forge/linux-64/ninja-1.13.2-h171cf75_1.conda#2db7a395d7dc2b6ed5effaf68fb99443
https://conda.anaconda.org/conda-forge/linux-64/pcre2-10.47-h8b3dc9c_1.conda#06f6113cf1ff4a54b65f87ead132a5f1
https://conda.anaconda.org/conda-forge/linux-64/perl-5.44.0-1_h7cc23a3_perl5.conda#474944e9c978cc84911f1c1f9eaa8bb2
https://conda.anaconda.org/conda-forge/linux-64/pugixml-1.15-h3f63f65_0.conda#b11a4c6bf6f6f44e5e143f759ffa2087
https://conda.anaconda.org/conda-forge/linux-64/readline-8.3-hd6e31c0_1.conda#69c01c781e7c8190bbdaf79e3848c5ca
https://conda.anaconda.org/conda-forge/linux-64/snappy-1.2.2-h34e00bb_2.conda#2b7e31ffbd476eecf33b3b833692339c
https://conda.anaconda.org/conda-forge/linux-64/zfp-1.0.1-h79e284d_6.conda#9d7141ec747a9ede5da83e864fcc8213
https://conda.anaconda.org/conda-forge/linux-64/zlib-ng-2.3.3-hce19668_1.conda#1726acec19beeed1c764385cd8622405
https://conda.anaconda.org/conda-forge/linux-64/blosc-1.21.6-he440d0b_1.conda#2c2fae981fd2afd00812c92ac47d023d
https://conda.anaconda.org/conda-forge/linux-64/c-blosc2-3.2.3-hc31b594_0.conda#b603665b54ba776ecbef0c6e2c87b17e
https://conda.anaconda.org/conda-forge/linux-64/freexl-2.0.0-h1f12c17_3.conda#4a0a8fd87ee4767db791047546f56501
https://conda.anaconda.org/conda-forge/linux-64/gcc_impl_linux-64-15.3.0-h6ad849d_7.conda#61f2e6900de1f2aff25717b332ed6dac
https://conda.anaconda.org/conda-forge/linux-64/krb5-1.22.2-hbc21106_2.conda#53318d715316929a574f83591308b1f8
https://conda.anaconda.org/conda-forge/linux-64/libboost-1.90.0-h1101c1b_3.conda#bcabb17507a7c82f12e9a0cc67fd57c7
https://conda.anaconda.org/conda-forge/linux-64/libjxl-0.12.0-heb2dce7_2.conda#485788d339785bac87fe86315b4a0627
https://conda.anaconda.org/conda-forge/linux-64/libopenblas-0.3.34-openmp_h156ec52_2.conda#85d0ace74af50f6eea7010679eacb59a
https://conda.anaconda.org/conda-forge/linux-64/libpsl-0.23.1-hd9e3e90_1.conda#77be60417aa572afcb48cbe0f967401d
https://conda.anaconda.org/conda-forge/linux-64/librttopo-1.1.0-h55b0958_21.conda#6c639697369e9669032ca08d0a566282
https://conda.anaconda.org/conda-forge/linux-64/libscotch-7.0.11-int32_hbb129e3_3.conda#b2d2c14ee2b21856b16b1c0b9fb275a0
https://conda.anaconda.org/conda-forge/linux-64/libsqlite-3.53.4-h13e7031_1.conda#e72bbec309c2b0f37823ee7d4fabfcd3
https://conda.anaconda.org/conda-forge/linux-64/libsuitesparseconfig-7.10.1-h901830b_7100101.conda#57ae1dd979da7aa88a9b38bfa2e1d6b2
https://conda.anaconda.org/conda-forge/linux-64/libtiff-4.7.2-hcc2c06a_1.conda#0907d876f460ebc941ae590338b6102f
https://conda.anaconda.org/conda-forge/linux-64/libxml2-16-2.15.4-hf3af7cc_0.conda#b7545c57a73a51d72aa6eee5695cf051
https://conda.anaconda.org/conda-forge/linux-64/rdma-core-65.0-h7b4f2e6_0.conda#b47757f1512801cd064f0f973896d724
https://conda.anaconda.org/conda-forge/linux-64/spdlog-1.17.0-hb6aa676_2.conda#5e32ceeb7b9514ce4730565052829dbd
https://conda.anaconda.org/conda-forge/linux-64/uriparser-0.9.8-hac33072_0.conda#d71d3a66528853c0a1ac2c02d79a0284
https://conda.anaconda.org/conda-forge/linux-64/xerces-c-3.3.0-h78fed68_2.conda#f2ff0de6c209e90c53b3a195c2708f5f
https://conda.anaconda.org/conda-forge/linux-64/conda-gcc-specs-15.3.0-h8846f6e_7.conda#da715e003b8f6e6737923cda77f67dbf
https://conda.anaconda.org/conda-forge/linux-64/gxx_impl_linux-64-15.3.0-h90d9265_7.conda#f36649dd9798b6982afd26447244984e
https://conda.anaconda.org/conda-forge/linux-64/libamd-3.3.3-h456b2da_7100101.conda#a067596d679bcde85375143e7c374738
https://conda.anaconda.org/conda-forge/linux-64/libblas-3.11.0-11_h4a7cf45_openblas.conda#b8cce1486f3c62f33291d6318c193d0d
https://conda.anaconda.org/conda-forge/linux-64/libboost-devel-1.90.0-hdab9b82_3.conda#4fd60e06e7f90c0e9dddae84f75d4c28
https://conda.anaconda.org/conda-forge/linux-64/libbtf-2.3.2-hf02c80a_7100101.conda#6f4aec52002defbdf3e24eb79e56a209
https://conda.anaconda.org/conda-forge/linux-64/libcamd-3.3.3-hf02c80a_7100101.conda#1c9d1532caadece8adc2d14c6d4fc726
https://conda.anaconda.org/conda-forge/linux-64/libccolamd-3.3.4-hf02c80a_7100101.conda#e5107e02dc4c2f9f41eef72d72c23517
https://conda.anaconda.org/conda-forge/linux-64/libcolamd-3.3.4-hf02c80a_7100101.conda#56d4c5542887e8955f21f8546ad75d9d
https://conda.anaconda.org/conda-forge/linux-64/libcurl-8.22.0-ha042cf0_0.conda#e617deee7af8eb0c04f6296d12b54157
https://conda.anaconda.org/conda-forge/linux-64/libfabric1-2.6.0-h6b3ec72_0.conda#7d8c510157360d0a6fdd84a1d3db8de7
https://conda.anaconda.org/conda-forge/linux-64/libkml-1.3.0-haa4a5bd_1023.conda#953b7cca897e21215302dbfe2af5cd0c
https://conda.anaconda.org/conda-forge/linux-64/libxml2-2.15.4-h7df9aa5_0.conda#ea192d1ef556bf1d55de4acb8c0f5b65
https://conda.anaconda.org/conda-forge/linux-64/python-3.12.13-hd63d673_0_cpython.conda#7eccb41177e15cc672e1babe9056018e
https://conda.anaconda.org/conda-forge/linux-64/sqlite-3.53.4-h9ffa6c4_1.conda#d42b24574925bfa3167efb3571c905ad
https://conda.anaconda.org/conda-forge/linux-64/ucx-1.20.1-hbe80e26_0.conda#7d06bc10996e75c90b8cd7631b5dcf6c
https://conda.anaconda.org/conda-forge/linux-64/zeromq-4.3.5-h901266b_12.conda#292a05f1436b98e17055090b5ef07746
https://conda.anaconda.org/conda-forge/noarch/attrs-26.1.0-pyhcf101f3_0.conda#c6b0543676ecb1fb2d7643941fe375f2
https://conda.anaconda.org/conda-forge/noarch/cached_property-2.0.1-pyhcf101f3_0.conda#256d863ded0f79464391a075944d24a6
https://conda.anaconda.org/conda-forge/noarch/certifi-2026.7.22-pyhd8ed1ab_0.conda#37e13edbe3b48f1095a9d085ef9cd83b
https://conda.anaconda.org/conda-forge/noarch/click-8.5.0-pyh5ded981_0.conda#dea5b13a211bbf99876deb980b408a66
https://conda.anaconda.org/conda-forge/linux-64/cmake-4.4.3-hff7ac6b_0.conda#e9d08c8f9a02853bfc6f8c3a4b0b19a4
https://conda.anaconda.org/conda-forge/noarch/cpython-3.12.14-py312hd8ed1ab_3.conda#adee9213d9a98d7f8b5627209c8b4ae0
https://conda.anaconda.org/conda-forge/linux-64/gcc-15.3.0-hc6a0c74_7.conda#f86312df66bf0d79961e8e185e4f9957
https://conda.anaconda.org/conda-forge/linux-64/git-2.56.0-pl5440h3795e67_0.conda#6dbccc130bb4e4f86c9d97af2b787a2a
https://conda.anaconda.org/conda-forge/linux-64/libarchive-3.8.9-gpl_h3152399_101.conda#680520cff78a974d564cd99cdf5ec0b5
https://conda.anaconda.org/conda-forge/linux-64/libcblas-3.11.0-11_h0358290_openblas.conda#73a248c30811075059b5aeda766c2624
https://conda.anaconda.org/conda-forge/linux-64/libfabric-2.6.0-ha770c72_0.conda#b04e60c49d09399a009f3bb70bb53a23
https://conda.anaconda.org/conda-forge/linux-64/libhwloc-2.13.0-default_he001693_1000.conda#c197985b58bc813d26b42881f0021c82
https://conda.anaconda.org/conda-forge/linux-64/liblapack-3.11.0-11_h47877c9_openblas.conda#5622a13917855ce4b953b9e655cf9262
https://conda.anaconda.org/conda-forge/linux-64/libxml2-devel-2.15.4-h7df9aa5_0.conda#9a414200ffe436e47d72c9f4c11c3658
https://conda.anaconda.org/conda-forge/noarch/packaging-26.3-pyhc364b38_0.conda#936687ed80f295a1f5dbcf8bd34c252c
https://conda.anaconda.org/conda-forge/linux-64/proj-9.8.1-he0df7b0_0.conda#b23619e5e9009eaa070ead0342034027
https://conda.anaconda.org/conda-forge/noarch/pycparser-3.0-pyhcf101f3_0.conda#9c5491066224083c41b6d5635ed7107b
https://conda.anaconda.org/conda-forge/noarch/pyparsing-3.3.3-pyh5ded981_0.conda#8bf43ae1312e9b966063459e04c20fa7
https://conda.anaconda.org/conda-forge/noarch/setuptools-84.0.0-pyh332efcf_0.conda#62ac906f1cd582c6c264c95625cb9d6f
https://conda.anaconda.org/conda-forge/noarch/affine-3.0.1-pyhecae5ae_0.conda#aeb404cab9e719a49264ab40928f80c8
https://conda.anaconda.org/conda-forge/linux-64/c-compiler-2.0.0-ha29393d_0.conda#b08763a8d93f2ba35bbf956dab90950b
https://conda.anaconda.org/conda-forge/noarch/cached-property-2.0.1-pyhcf101f3_0.conda#70e764e549c6c25de5e429d6e4a28b39
https://conda.anaconda.org/conda-forge/linux-64/cffi-2.1.1-py312h460c074_0.conda#a9d08f233128bc42fae8fe17c13df103
https://conda.anaconda.org/conda-forge/noarch/click-plugins-1.1.1.2-pyhd8ed1ab_0.conda#e9b05deb91c013e5224672a4ba9cf8d1
https://conda.anaconda.org/conda-forge/noarch/cligj-0.7.2-pyhd8ed1ab_2.conda#55c7804f428719241a90b152016085a1
https://conda.anaconda.org/conda-forge/linux-64/fenics-libbasix-0.11.0-py312h6a37f7e_0.conda#f11125cd357e748dddfe441d41751470
https://conda.anaconda.org/conda-forge/linux-64/gxx-15.3.0-hc6a0c74_7.conda#6ab627ce20ea2270ea95cf54577aacf4
https://conda.anaconda.org/conda-forge/linux-64/libcholmod-5.3.1-h9cf07ce_7100101.conda#f51e24ce110ae24c92074736a308e47e
https://conda.anaconda.org/conda-forge/linux-64/libspatialite-5.1.0-gpl_h03b4e02_121.conda#affb2721df7014b4abcd75cc539c6cef
https://conda.anaconda.org/conda-forge/linux-64/mpich-5.0.1-h6f9170e_1.conda#59d4da8d56516878beaac8577d3cbd74
https://conda.anaconda.org/conda-forge/linux-64/numpy-2.5.3-py312he827f4e_0.conda#5abf073f2cf066f2f3d28229b3cbe94d
https://conda.anaconda.org/conda-forge/linux-64/pyproj-3.8.0-py312hb99b6cc_1.conda#838b75fbf68ce1cf79970f30835ab334
https://conda.anaconda.org/conda-forge/noarch/python-gil-3.12.14-hd8ed1ab_3.conda#7fafcd204183cfa7c1ae4ad9c2d8d414
https://conda.anaconda.org/conda-forge/linux-64/superlu-7.0.1-h8f6e6c4_0.conda#6bd14d1838657334b3c0eb02f85561e2
https://conda.anaconda.org/conda-forge/noarch/wheel-0.48.0-pyhd8ed1ab_0.conda#9a2124517bfd5d792e0f7b86eefdfeb8
https://conda.anaconda.org/conda-forge/noarch/_python_abi3_support-1.0-hd8ed1ab_3.conda#3845f3d75991bae0fb90884662f4327c
https://conda.anaconda.org/conda-forge/linux-64/cxx-compiler-2.0.0-hdab9b82_0.conda#923dacbfd97122c65c97a35f6e959ab8
https://conda.anaconda.org/conda-forge/noarch/fenics-ufl-2026.1.0-pyhc364b38_0.conda#d3825cf623d5071f740618216b4bd18f
https://conda.anaconda.org/conda-forge/linux-64/fftw-3.3.11-mpi_mpich_h084ba78_0.conda#aecf83c84d345f35f27fb0e0163e2d8e
https://conda.anaconda.org/conda-forge/linux-64/hdf5-1.14.6-mpi_mpich_hfe583f4_10.conda#70dc9bdfaf0452f7fdeb08c8b081dc22
https://conda.anaconda.org/conda-forge/linux-64/hypre-3.2.0-h158544c_0.conda#d48dfc1fe435ddee709b1f1bb61600fa
https://conda.anaconda.org/conda-forge/linux-64/kahip-3.25-py311h1f6f989_0.conda#037d613e712bd5fa1899e52c93181d1c
https://conda.anaconda.org/conda-forge/linux-64/libgdal-core-3.13.3-h31aba09_1.conda#44c6780e3082468d8676aebdcd5068a6
https://conda.anaconda.org/conda-forge/linux-64/libklu-2.3.5-h95ff59c_7100101.conda#efaa5e7dc6989363585fbb591480b256
https://conda.anaconda.org/conda-forge/linux-64/libptscotch-7.0.11-int32_hf9c0034_3.conda#912c9091387480167ec7261b85b6765b
https://conda.anaconda.org/conda-forge/linux-64/libspqr-4.3.4-h23b7119_7100101.conda#c1ee33a71065c1f0efd9c8174d5f18b0
https://conda.anaconda.org/conda-forge/linux-64/libumfpack-6.3.5-h873dde6_7100101.conda#9626fc7667bc6c901c7a0a4004938c71
https://conda.anaconda.org/conda-forge/linux-64/mpi4py-4.1.2-py312h5ecf655_101.conda#fe5d10d059adb9d632ee6fa6c11aaa36
https://conda.anaconda.org/conda-forge/linux-64/parmetis-4.0.3-hbfcd2fd_1009.conda#33e8b29f6b40f93745e8dcd88d43fa4a
https://conda.anaconda.org/conda-forge/noarch/pip-26.2.1-pyh8b19718_0.conda#77b6cf3b0689d9fc68561df0db9b856d
https://conda.anaconda.org/conda-forge/linux-64/scalapack-2.2.0-h13b89aa_6.conda#136e0a41cabcfb5777b2b4d84a00610e
https://conda.anaconda.org/conda-forge/linux-64/shapely-2.1.2-py312ha95667c_3.conda#f9bf71d5368b7255ada82596d02a4b2f
https://conda.anaconda.org/conda-forge/noarch/snuggs-1.4.7-pyhd8ed1ab_2.conda#9aa358575bbd4be126eaa5e0039f835c
https://conda.anaconda.org/conda-forge/linux-64/fenics-basix-0.11.0-py312h9f08889_0.conda#8b7c417eb963143506d2ab8086012279
https://conda.anaconda.org/conda-forge/linux-64/fiona-1.10.1-py312ha17e7ad_7.conda#27561c3dba1d77f3d5852318965df012
https://conda.anaconda.org/conda-forge/linux-64/h5py-3.16.0-nompi_py312hfaa9938_104.conda#9ca94eb30bd0938240f32b6e6398b862
https://conda.anaconda.org/conda-forge/linux-64/libadios2-2.12.1-mpi_mpich_h77144d9_7.conda#accf3ad2812e4e723877018e4ca8143d
https://conda.anaconda.org/conda-forge/linux-64/mumps-mpi-5.8.2-gfortran_h18beee2_3.conda#877ec416e9fde460449f5084b07bd8e7
https://conda.anaconda.org/conda-forge/linux-64/pyogrio-0.13.0-py312hdb6ebaa_0.conda#0b2a0e17bd514b53e2d12b8ac16225ae
https://conda.anaconda.org/conda-forge/linux-64/rasterio-1.5.1-py312h5d657d5_1.conda#c0d4e6e0b2f6a3e73ab81630deab839d
https://conda.anaconda.org/conda-forge/linux-64/superlu_dist-9.2.1-h5edd517_2.conda#2a54644dd61f8cb2ea5b72da15164f4a
https://conda.anaconda.org/conda-forge/noarch/fenics-ffcx-0.11.0-pyh4a40500_0.conda#140de0c257b99e848efa5a4e28df9ba4
https://conda.anaconda.org/conda-forge/linux-64/petsc-3.25.6-real_h848054b_0.conda#f21ea1a26cc107eeb4a40db7b0b42883
https://conda.anaconda.org/conda-forge/linux-64/petsc4py-3.25.5-np2py311h3a91f14_1.conda#048500b8991a20070dfadd97f3567c1c
https://conda.anaconda.org/conda-forge/linux-64/slepc-3.25.2-real_ha20dd8f_0.conda#7d26ec3e22913045253dd89636456769
https://conda.anaconda.org/conda-forge/linux-64/fenics-libdolfinx-0.11.0-py312hf02e3b9_101.conda#c020b6c88066cf35d5169acb4d4254f6
https://conda.anaconda.org/conda-forge/linux-64/slepc4py-3.25.2-np2py311h755a770_0.conda#5452e845d68272a1d78c2e0d2de6c91c
https://conda.anaconda.org/conda-forge/linux-64/fenics-dolfinx-0.11.0-py312h347f9e7_101.conda#db38c7415b765f99de954ee7a7f3c9b7
