# Generated by conda-lock.
# platform: linux-aarch64
# input_hash: 2341da135697932ebe65fe20298746ac7084936c87a1bc99331c487d961a1084
@EXPLICIT
https://conda.anaconda.org/conda-forge/linux-aarch64/fenics-basix-nanobind-abi-2.19-py312h0a6f99c_0.conda#9540b8c488bd903f7c2ce4bd9e14d380
https://conda.anaconda.org/conda-forge/noarch/kernel-headers_linux-aarch64-4.18.0-h05a177a_9.conda#bb3b7cad9005f2cbf9d169fb30263f3e
https://conda.anaconda.org/conda-forge/linux-aarch64/libgomp-16.2.0-h8acb6b2_7.conda#259ded79ac497cfbcf5434540e8b81b6
https://conda.anaconda.org/conda-forge/linux-aarch64/libzlib-1.3.2-hdc9db2a_3.conda#bd534c2fbe56d8c2ea3b2d8f5e12bca8
https://conda.anaconda.org/conda-forge/linux-aarch64/llvm-openmp-23.1.2-hde6636f_0.conda#8de2989fc40ab48a8e5d68537af80fb1
https://conda.anaconda.org/conda-forge/noarch/mpi-1.0.1-mpich.conda#1052de900d672ec8b3713b8e300a8f06
https://conda.anaconda.org/conda-forge/linux-aarch64/mumps-include-5.8.2-h4dc465c_3.conda#1963fb96cb33e14b7c53fff5bb9c2697
https://conda.anaconda.org/conda-forge/noarch/nanobind-abi-19-hd8ed1ab_0.conda#7b5ccac0c559d483b115299be2ea06f6
https://conda.anaconda.org/conda-forge/noarch/python_abi-3.12-9_cp312.conda#4c32076993e6270825441d059ab5c18b
https://conda.anaconda.org/conda-forge/noarch/tzdata-2026c-h151e31d_0.conda#fcb489df604d100968b737f2cb6076c6
https://conda.anaconda.org/conda-forge/linux-aarch64/_openmp_mutex-4.5-8_kmp_llvm.conda#9369edb19518c51ba763f7d00c673988
https://conda.anaconda.org/conda-forge/noarch/ca-certificates-2026.7.22-hbd8a1cb_0.conda#0f51e2391ade309db462a55611263e9c
https://conda.anaconda.org/conda-forge/noarch/fenics-ufcx-0.11.0-haec879b_0.conda#d957efc14d0391fbcdd11a6a7a30088a
https://conda.anaconda.org/conda-forge/noarch/libboost-headers-1.90.0-h707e725_3.conda#728d99be2ec827372c0eacea4c1baa10
https://conda.anaconda.org/conda-forge/noarch/libgcc-devel_linux-aarch64-15.3.0-h6e7e4e0_107.conda#163cf0269dc64983bc6edf481a5557fb
https://conda.anaconda.org/conda-forge/noarch/libstdcxx-devel_linux-aarch64-15.3.0-h0e8df58_107.conda#709858d98ee8e0e91c4efddc6d02887f
https://conda.anaconda.org/conda-forge/noarch/sysroot_linux-aarch64-2.28-h585391f_9.conda#fdf07ab944a222ff28c754914fdb0740
https://conda.anaconda.org/conda-forge/linux-aarch64/zlib-1.3.2-hdc9db2a_3.conda#254c54ac18eca7bf4f865e661306dc43
https://conda.anaconda.org/conda-forge/linux-aarch64/zstd-1.5.7-h9d15635_7.conda#d942e34ac3920ba83f8b2d0169570187
https://conda.anaconda.org/conda-forge/linux-aarch64/ld_impl_linux-aarch64-2.46.1-default_h1979696_102.conda#489444d0acb2a579d2a002d85a08c059
https://conda.anaconda.org/conda-forge/linux-aarch64/libgcc-16.2.0-h205dda4_7.conda#489d5c9dc62265b3f6a57f9a106f1caf
https://conda.anaconda.org/conda-forge/linux-aarch64/binutils_impl_linux-aarch64-2.46.1-default_h5f4c503_102.conda#58f37d76b8234c69dbf2939d511bea0b
https://conda.anaconda.org/conda-forge/linux-aarch64/bzip2-1.0.8-h4777abc_10.conda#fd544ef1c672d645bf78e5819cbb8f91
https://conda.anaconda.org/conda-forge/linux-aarch64/c-ares-1.34.8-h29ee22c_2.conda#eb80eb38625b8552a099aa88f8ba5db7
https://conda.anaconda.org/conda-forge/linux-aarch64/giflib-6.1.3-h29ee22c_2.conda#f1f8146d28d0acb680b68b5a7b95607d
https://conda.anaconda.org/conda-forge/linux-aarch64/json-c-0.18-h29ee22c_2.conda#9d68a996cd125be9bb3a79468be85d78
https://conda.anaconda.org/conda-forge/linux-aarch64/keyutils-1.6.3-h5bc82ec_1.conda#6d9be306ecb8dfc9ff46f02cb367d5c2
https://conda.anaconda.org/conda-forge/linux-aarch64/libbrotlicommon-1.2.0-h384ecca_4.conda#20d76286cd6c6541181ccf57a8dbd990
https://conda.anaconda.org/conda-forge/linux-aarch64/libcap-2.78-hfcc8634_1.conda#5e347c665a310b4c148bbb02596ae0c3
https://conda.anaconda.org/conda-forge/linux-aarch64/libdeflate-1.25-hfa851ae_1.conda#8cdf7f7e4908c9b2cf50c58966f2ff64
https://conda.anaconda.org/conda-forge/linux-aarch64/libev-4.33-h80f16a2_3.conda#f679b30a53d410d0b5ae0cb8f5b7397e
https://conda.anaconda.org/conda-forge/linux-aarch64/libexpat-2.8.5-h4154aff_0.conda#e5a973222327d9183c25eddfc3a80828
https://conda.anaconda.org/conda-forge/linux-aarch64/libffi-3.5.2-h376a255_0.conda#2f364feefb6a7c00423e80dcb12db62a
https://conda.anaconda.org/conda-forge/linux-aarch64/libgcc-ng-16.2.0-he9431aa_7.conda#2fb8fda15618277477f6dfd0e3c0d4a9
https://conda.anaconda.org/conda-forge/linux-aarch64/libgfortran5-16.2.0-hc864f27_7.conda#57df9dcb4e772dbe04d041838c76733a
https://conda.anaconda.org/conda-forge/linux-aarch64/libiconv-1.18-h1ea5142_3.conda#951b54a36388613a99820b33b997f690
https://conda.anaconda.org/conda-forge/linux-aarch64/libjpeg-turbo-3.2.0-he30d5cf_1.conda#8730e25aa7eab80ca86dfb9a6bedf1ba
https://conda.anaconda.org/conda-forge/linux-aarch64/liblzma-5.8.3-he30d5cf_1.conda#e0e6411a60d00186eec7c73f4118ab67
https://conda.anaconda.org/conda-forge/linux-aarch64/libnl-3.11.0-he30d5cf_1.conda#649b8ed2e7639550c891f875dfb01e88
https://conda.anaconda.org/conda-forge/linux-aarch64/libnsl-2.0.1-h86ecc28_1.conda#d5d58b2dc3e57073fe22303f5fed4db7
https://conda.anaconda.org/conda-forge/linux-aarch64/libpng-1.6.58-hf9b7768_1.conda#308ecb7ad60637dc5e95558ab583c5ba
https://conda.anaconda.org/conda-forge/linux-aarch64/libsodium-1.0.22-h29ee22c_3.conda#73ebc1c03a0bced1a222c8d10869ec6e
https://conda.anaconda.org/conda-forge/linux-aarch64/libstdcxx-16.2.0-hef695bb_7.conda#6c823668e78160957d1b061ceec15c2c
https://conda.anaconda.org/conda-forge/linux-aarch64/libuuid-2.42.4-hd6fdeab_0.conda#9d63e86dc027166aaaeb0c99a0a90fd7
https://conda.anaconda.org/conda-forge/linux-aarch64/libuv-1.52.1-h80f16a2_1.conda#8e2136432f02841b9d8b848045f66d7d
https://conda.anaconda.org/conda-forge/linux-aarch64/libwebp-base-1.6.0-ha2e29f5_1.conda#548943c39851543734ce0d20eeb469b0
https://conda.anaconda.org/conda-forge/linux-aarch64/libxcrypt-4.4.38-h80f16a2_0.conda#b1a5cb7ff2d8f5911ba1fb6897176098
https://conda.anaconda.org/conda-forge/linux-aarch64/lzo-2.10-h29ee22c_1003.conda#c7334d99b22d15d1f4ff9c2454185544
https://conda.anaconda.org/conda-forge/linux-aarch64/ncurses-6.6-h2b6f883_1.conda#c3b4349171ca987ff33a1de61f7b3f96
https://conda.anaconda.org/conda-forge/linux-aarch64/openssl-3.6.4-he6ad1d5_0.conda#4aa504e081d16263e90c335df5499b4d
https://conda.anaconda.org/conda-forge/linux-aarch64/pkg-config-0.29.2-hfbd14cd_1013.conda#1eb00be535cfa0e928554a98dfcb52f7
https://conda.anaconda.org/conda-forge/linux-aarch64/rhash-1.4.6-he30d5cf_2.conda#aa87887d8ec28a87ae84d996876e728e
https://conda.anaconda.org/conda-forge/linux-aarch64/tk-8.6.13-noxft_hf03c496_4.conda#ebaded4b4b74c2cc43a754ded4eed76f
https://conda.anaconda.org/conda-forge/linux-aarch64/yaml-0.2.5-h29ee22c_3.conda#6c97c1f44a81be1b4d5ba15a06153256
https://conda.anaconda.org/conda-forge/linux-aarch64/binutils-2.46.1-default_hf1166c9_102.conda#7a2f1cdac4c9fd2e87533ff2d2dcb702
https://conda.anaconda.org/conda-forge/linux-aarch64/fmt-12.1.0-h166da81_1.conda#2ba56bd59c36644d783ef8a8086ec0e4
https://conda.anaconda.org/conda-forge/linux-aarch64/geos-3.14.1-h0baed54_0.conda#524c4ef08e767f00eba707ba2d932ffa
https://conda.anaconda.org/conda-forge/linux-aarch64/icu-78.3-py311h3512406_2.conda#b35bbb1b957440ed742f35fb96eb7f1c
https://conda.anaconda.org/conda-forge/linux-aarch64/lerc-4.2.0-h52b7260_0.conda#9fcfe6be4f752b72be7abc69842ca396
https://conda.anaconda.org/conda-forge/linux-aarch64/libaec-1.1.5-hff7e48a_0.conda#345c7bf559743adb5375ee3603911065
https://conda.anaconda.org/conda-forge/linux-aarch64/libbrotlidec-1.2.0-h011f0d3_4.conda#fcf455f3f376d5a881e4c38de3943c31
https://conda.anaconda.org/conda-forge/linux-aarch64/libbrotlienc-1.2.0-hb247b97_4.conda#2b6839131a93ae1148a80aa436906365
https://conda.anaconda.org/conda-forge/linux-aarch64/libedit-3.1.20250104-pl5321hc48eb74_1.conda#6e06eb2c9fda76721699bcdd759b9c60
https://conda.anaconda.org/conda-forge/linux-aarch64/libgfortran-16.2.0-he9431aa_7.conda#12d3d9bbc1d00788551a7c1e4a381a9b
https://conda.anaconda.org/conda-forge/linux-aarch64/libhwy-1.4.0-h996897a_1.conda#43dd0c1cafa10a4fc05703487f35178b
https://conda.anaconda.org/conda-forge/linux-aarch64/libnghttp2-1.68.1-ha4b982d_1.conda#ff4b2b7c169c438bf648fb14f369c3b9
https://conda.anaconda.org/conda-forge/linux-aarch64/libsanitizer-15.3.0-he541324_7.conda#baffcd8b96bdc491b795ae6b979f806f
https://conda.anaconda.org/conda-forge/linux-aarch64/libssh2-1.11.1-h7572e3e_1.conda#833be3f226277d894df3c7a7131d9532
https://conda.anaconda.org/conda-forge/linux-aarch64/libstdcxx-ng-16.2.0-hdbbeba8_7.conda#c2972e53fa11afd6ebc6a8b9a25c104d
https://conda.anaconda.org/conda-forge/linux-aarch64/libsystemd0-262-hd1ea486_1.conda#1ea93fd7da9f2b876c140d84dfa3fae7
https://conda.anaconda.org/conda-forge/linux-aarch64/libudev1-262-hd1ea486_1.conda#1f8167bc19f905814ac03129775334da
https://conda.anaconda.org/conda-forge/linux-aarch64/lz4-c-1.10.0-hfb11796_2.conda#36a6fab65bc51cf71761eb5339d8ea04
https://conda.anaconda.org/conda-forge/linux-aarch64/metis-5.1.0-h94a1348_1008.conda#2c422d360839166d39de70f6b07b8d67
https://conda.anaconda.org/conda-forge/linux-aarch64/minizip-4.2.2-h8279b29_1.conda#ef4ab8afdd9830c4a8776c8312c3155f
https://conda.anaconda.org/conda-forge/linux-aarch64/muparser-2.3.5-hfb11796_1.conda#8c8604a5748b563da10e4f14abed6f65
https://conda.anaconda.org/conda-forge/linux-aarch64/ninja-1.13.2-hdc560ac_1.conda#dc59c099f43cdffa2b92e5f6248be5b3
https://conda.anaconda.org/conda-forge/linux-aarch64/pcre2-10.47-he574923_1.conda#c98763518d0a4c9895e515190afb7dec
https://conda.anaconda.org/conda-forge/linux-aarch64/perl-5.44.0-1_h5bc82ec_perl5.conda#28e8451d2ec9fbed6a2a2a853ec17a3b
https://conda.anaconda.org/conda-forge/linux-aarch64/pugixml-1.15-h6ef32b0_0.conda#53e14f45d38558aa2b9a15b07416e472
https://conda.anaconda.org/conda-forge/linux-aarch64/readline-8.3-ha7194a6_1.conda#5b399a7afa10098f2a6b02263181426e
https://conda.anaconda.org/conda-forge/linux-aarch64/snappy-1.2.2-h7d29b6f_2.conda#44dd050d47b0fdc23fe38493fca3079c
https://conda.anaconda.org/conda-forge/linux-aarch64/zfp-1.0.1-h6b5f512_6.conda#fdef5ef51b8992b933f0c70c2187198f
https://conda.anaconda.org/conda-forge/linux-aarch64/zlib-ng-2.3.3-h1024f78_1.conda#09f81cb51dfb56946193f30225976b70
https://conda.anaconda.org/conda-forge/linux-aarch64/blosc-1.21.6-hb4dfabd_1.conda#2cbbd6264ad58887c40aab37f2abdaba
https://conda.anaconda.org/conda-forge/linux-aarch64/c-blosc2-3.2.3-hde6442c_0.conda#4e6b3dd40a6b3b67adb2a9a7d50fb985
https://conda.anaconda.org/conda-forge/linux-aarch64/freexl-2.0.0-hb8db170_3.conda#7ef8c7db67a0b0b2050779fe72f72fcf
https://conda.anaconda.org/conda-forge/linux-aarch64/gcc_impl_linux-aarch64-15.3.0-h543efd9_7.conda#509460640a88cadf2c9a5a4734134f51
https://conda.anaconda.org/conda-forge/linux-aarch64/krb5-1.22.2-h095d8e5_2.conda#a4d0da122ba952abf76981e76d0d283c
https://conda.anaconda.org/conda-forge/linux-aarch64/libboost-1.90.0-h47d6679_3.conda#bff920aa2eb960e1f53ee85983433d55
https://conda.anaconda.org/conda-forge/linux-aarch64/libjxl-0.12.0-h7a31cfc_2.conda#6053b222ea74b7f6d04d770d85d62948
https://conda.anaconda.org/conda-forge/linux-aarch64/libopenblas-0.3.34-openmp_hcf905d8_2.conda#dbfc33c1626fa85b309bf4fd913be8a5
https://conda.anaconda.org/conda-forge/linux-aarch64/libpsl-0.23.1-hb8431ed_1.conda#5ab41e5e70b78eb00ef62cdaa35cd86f
https://conda.anaconda.org/conda-forge/linux-aarch64/librttopo-1.1.0-h0baed54_21.conda#a89af80d650ad287b8a6001f9caf2a2e
https://conda.anaconda.org/conda-forge/linux-aarch64/libscotch-7.0.11-int32_h3298660_3.conda#942e930100325d3dafac84697c0532d1
https://conda.anaconda.org/conda-forge/linux-aarch64/libsqlite-3.53.4-h399dd60_1.conda#27e16aa1f45c787aa181549be6f209f4
https://conda.anaconda.org/conda-forge/linux-aarch64/libsuitesparseconfig-7.10.1-h27f2d44_7100102.conda#fc33f19191230e129798e538eab7f219
https://conda.anaconda.org/conda-forge/linux-aarch64/libtiff-4.7.2-h45f9f85_1.conda#c6f35f8f9695623b9055341bc280a642
https://conda.anaconda.org/conda-forge/linux-aarch64/libxml2-16-2.15.4-h2e5089f_0.conda#01dc16e9c00110df9c4197f8ffbab206
https://conda.anaconda.org/conda-forge/linux-aarch64/rdma-core-65.0-h807d763_0.conda#616b998b7bde26ddd7429a4343f890f1
https://conda.anaconda.org/conda-forge/linux-aarch64/spdlog-1.17.0-hb3fff47_2.conda#0ae158a495544229d7d28a242131a03a
https://conda.anaconda.org/conda-forge/linux-aarch64/uriparser-0.9.8-h0a1ffab_0.conda#7e9a7e1e1e9d6e827d2cfda21c22853e
https://conda.anaconda.org/conda-forge/linux-aarch64/xerces-c-3.3.0-h43c5883_2.conda#60599b09da6bc771c8bcf3f0c184cb96
https://conda.anaconda.org/conda-forge/linux-aarch64/conda-gcc-specs-15.3.0-hbdd0822_7.conda#5f1cec36f1dbe50c6d8c9ccf84a8be8c
https://conda.anaconda.org/conda-forge/linux-aarch64/gxx_impl_linux-aarch64-15.3.0-hcb04d1e_7.conda#1300d1ce6d51343ff98b59917686c5c3
https://conda.anaconda.org/conda-forge/linux-aarch64/libamd-3.3.3-h913f464_7100102.conda#4078d525aafc4568576b5fa5456b7026
https://conda.anaconda.org/conda-forge/linux-aarch64/libblas-3.11.0-11_haddc8a3_openblas.conda#46b693d9864f4295c41dda12bc6b4d11
https://conda.anaconda.org/conda-forge/linux-aarch64/libboost-devel-1.90.0-hf41333a_3.conda#4105ec85254d5150f63464bece5abeb3
https://conda.anaconda.org/conda-forge/linux-aarch64/libbtf-2.3.2-h6ed72c6_7100102.conda#37fa7ca9f0302a3f31fb5cdab0c7564b
https://conda.anaconda.org/conda-forge/linux-aarch64/libcamd-3.3.3-h6ed72c6_7100102.conda#dae3732203c5e1194ba4ebe98d9fd14b
https://conda.anaconda.org/conda-forge/linux-aarch64/libccolamd-3.3.4-h6ed72c6_7100102.conda#f9419debb8f5483fb4bc697c829f9a29
https://conda.anaconda.org/conda-forge/linux-aarch64/libcolamd-3.3.4-h6ed72c6_7100102.conda#45899af4bed8d0fd6dab36c2c4413d77
https://conda.anaconda.org/conda-forge/linux-aarch64/libcurl-8.22.0-h86273da_0.conda#d79a5b16c3aaff5269f9118aa1d9f1ba
https://conda.anaconda.org/conda-forge/linux-aarch64/libfabric1-2.6.0-h6b50f16_0.conda#385cd929680ecee54788f6e718f55d63
https://conda.anaconda.org/conda-forge/linux-aarch64/libkml-1.3.0-h39bb75a_1023.conda#f3f715e51f06e2d58049d635fb52398f
https://conda.anaconda.org/conda-forge/linux-aarch64/libxml2-2.15.4-h92b9305_0.conda#066a1f1d5dc4e9d5c5a52670f8e0fef1
https://conda.anaconda.org/conda-forge/linux-aarch64/python-3.12.13-h91f4b29_0_cpython.conda#8aed8fdbbc03a5c9f455d20ce75a9dce
https://conda.anaconda.org/conda-forge/linux-aarch64/sqlite-3.53.4-h6ce2f9a_1.conda#07d6a533bef31331ba435912023e2bf8
https://conda.anaconda.org/conda-forge/linux-aarch64/ucx-1.20.1-hc4deba6_0.conda#3db915ee01a1bb59cfd1306e1210cf23
https://conda.anaconda.org/conda-forge/linux-aarch64/zeromq-4.3.5-h3469ab9_12.conda#244179625859a7d7dc9943defddc7643
https://conda.anaconda.org/conda-forge/noarch/attrs-26.1.0-pyhcf101f3_0.conda#c6b0543676ecb1fb2d7643941fe375f2
https://conda.anaconda.org/conda-forge/noarch/cached_property-2.0.1-pyhcf101f3_0.conda#256d863ded0f79464391a075944d24a6
https://conda.anaconda.org/conda-forge/noarch/certifi-2026.7.22-pyhd8ed1ab_0.conda#37e13edbe3b48f1095a9d085ef9cd83b
https://conda.anaconda.org/conda-forge/noarch/click-8.5.0-pyh5ded981_0.conda#dea5b13a211bbf99876deb980b408a66
https://conda.anaconda.org/conda-forge/linux-aarch64/cmake-4.4.3-hcbeb305_0.conda#8261cbd7a3cb3cb7ae27d042562a6400
https://conda.anaconda.org/conda-forge/noarch/cpython-3.12.14-py312hd8ed1ab_3.conda#adee9213d9a98d7f8b5627209c8b4ae0
https://conda.anaconda.org/conda-forge/linux-aarch64/gcc-15.3.0-hfdd745d_7.conda#3ee778b8a6192bf8f61687c3c44fb6c9
https://conda.anaconda.org/conda-forge/linux-aarch64/git-2.56.0-pl5440h0749d22_0.conda#3ceda641dacb779b3c125719ba0ff26e
https://conda.anaconda.org/conda-forge/linux-aarch64/libarchive-3.8.9-gpl_h1204ebd_101.conda#e6866e2cdd76f4746a987af670a1613c
https://conda.anaconda.org/conda-forge/linux-aarch64/libcblas-3.11.0-11_hd72aa62_openblas.conda#01a77467520c703119b0d033cb4d005e
https://conda.anaconda.org/conda-forge/linux-aarch64/libfabric-2.6.0-h8af1aa0_0.conda#d22c0987ebdad5301396bf8bf2003d17
https://conda.anaconda.org/conda-forge/linux-aarch64/libhwloc-2.13.0-default_ha95e27d_1000.conda#974183f6420938051e2f3208922d057f
https://conda.anaconda.org/conda-forge/linux-aarch64/liblapack-3.11.0-11_h88aeb00_openblas.conda#e170b416e08c18a9b8f9bd1591cb50b7
https://conda.anaconda.org/conda-forge/linux-aarch64/libxml2-devel-2.15.4-h92b9305_0.conda#d2a89f0dff3b43acd9a7307acbaf09c9
https://conda.anaconda.org/conda-forge/noarch/packaging-26.3-pyhc364b38_0.conda#936687ed80f295a1f5dbcf8bd34c252c
https://conda.anaconda.org/conda-forge/linux-aarch64/proj-9.8.1-hfd56014_1.conda#19ce4bb50cf77202cfda136643802bb8
https://conda.anaconda.org/conda-forge/noarch/pycparser-3.0-pyhcf101f3_0.conda#9c5491066224083c41b6d5635ed7107b
https://conda.anaconda.org/conda-forge/noarch/pyparsing-3.3.3-pyh5ded981_0.conda#8bf43ae1312e9b966063459e04c20fa7
https://conda.anaconda.org/conda-forge/noarch/setuptools-84.0.0-pyh332efcf_0.conda#62ac906f1cd582c6c264c95625cb9d6f
https://conda.anaconda.org/conda-forge/noarch/affine-3.0.1-pyhecae5ae_0.conda#aeb404cab9e719a49264ab40928f80c8
https://conda.anaconda.org/conda-forge/linux-aarch64/c-compiler-2.0.0-h1f08cd5_0.conda#111808f8dee7e11e1ebe2461d4301edd
https://conda.anaconda.org/conda-forge/noarch/cached-property-2.0.1-pyhcf101f3_0.conda#70e764e549c6c25de5e429d6e4a28b39
https://conda.anaconda.org/conda-forge/linux-aarch64/cffi-2.1.1-py312h1b372e3_0.conda#e22b99c8f6ba0309a15814073a8cecbd
https://conda.anaconda.org/conda-forge/noarch/click-plugins-1.1.1.2-pyhd8ed1ab_0.conda#e9b05deb91c013e5224672a4ba9cf8d1
https://conda.anaconda.org/conda-forge/noarch/cligj-0.7.2-pyhd8ed1ab_2.conda#55c7804f428719241a90b152016085a1
https://conda.anaconda.org/conda-forge/linux-aarch64/fenics-libbasix-0.11.0-py312h2a1c81a_0.conda#8b767057f399d8e9e379e41a01e4abd9
https://conda.anaconda.org/conda-forge/linux-aarch64/gxx-15.3.0-hfdd745d_7.conda#b0fc69e39425af4a983a5261a074c9a3
https://conda.anaconda.org/conda-forge/linux-aarch64/libcholmod-5.3.1-h3b6fcec_7100102.conda#2043bfdc9ff7c6b8806f257ebe6fe55e
https://conda.anaconda.org/conda-forge/linux-aarch64/libspatialite-5.1.0-gpl_hc7e34c7_121.conda#d77e626f8214aa6756f8cf874e50174e
https://conda.anaconda.org/conda-forge/linux-aarch64/mpich-5.0.1-hc4b3ac6_1.conda#4fdf302fb4a2ececfb0232a77ffaf2ae
https://conda.anaconda.org/conda-forge/linux-aarch64/numpy-2.5.3-py312hfb93532_0.conda#16e2160d383ff4188341a6ebb782972f
https://conda.anaconda.org/conda-forge/linux-aarch64/pyproj-3.8.0-py312h0338ed9_1.conda#629239849139f83f767b657d34a0d025
https://conda.anaconda.org/conda-forge/noarch/python-gil-3.12.14-hd8ed1ab_3.conda#7fafcd204183cfa7c1ae4ad9c2d8d414
https://conda.anaconda.org/conda-forge/linux-aarch64/superlu-7.0.1-h8effc92_0.conda#01816d1e57c876d0d25d9968b85864b8
https://conda.anaconda.org/conda-forge/noarch/wheel-0.48.0-pyhd8ed1ab_0.conda#9a2124517bfd5d792e0f7b86eefdfeb8
https://conda.anaconda.org/conda-forge/noarch/_python_abi3_support-1.0-hd8ed1ab_3.conda#3845f3d75991bae0fb90884662f4327c
https://conda.anaconda.org/conda-forge/linux-aarch64/cxx-compiler-2.0.0-hf41333a_0.conda#ce387759a5f3908b1273247b8660a048
https://conda.anaconda.org/conda-forge/noarch/fenics-ufl-2026.1.0-pyhc364b38_0.conda#d3825cf623d5071f740618216b4bd18f
https://conda.anaconda.org/conda-forge/linux-aarch64/fftw-3.3.11-mpi_mpich_h71cae1e_0.conda#1c63ab0a8e8f787db1f067fd8463a98d
https://conda.anaconda.org/conda-forge/linux-aarch64/hdf5-1.14.6-mpi_mpich_he5038ac_10.conda#2e2ae0a183840967342c00d21e52b541
https://conda.anaconda.org/conda-forge/linux-aarch64/hypre-3.2.0-h9fb8d01_0.conda#cffa833175898ba4bb69178bf0cb7129
https://conda.anaconda.org/conda-forge/linux-aarch64/kahip-3.25-py313h236e92b_0.conda#8ab2624124d11bbd60fe24ca3f57a787
https://conda.anaconda.org/conda-forge/linux-aarch64/libgdal-core-3.13.3-hacbcee7_1.conda#909ac117905e435f6693cffe233b04f2
https://conda.anaconda.org/conda-forge/linux-aarch64/libklu-2.3.5-h23d02ee_7100102.conda#fce220e29f4001ba7074848f9f91f178
https://conda.anaconda.org/conda-forge/linux-aarch64/libptscotch-7.0.11-int32_h4c1a4d9_3.conda#9f080d33c762bc61ae585381414993cb
https://conda.anaconda.org/conda-forge/linux-aarch64/libspqr-4.3.4-he5f3b44_7100102.conda#1e193359b23bb30a218e31b9d3eafc8b
https://conda.anaconda.org/conda-forge/linux-aarch64/libumfpack-6.3.5-h8b28e19_7100102.conda#694ba8a11c1b565b39c1af91687d253f
https://conda.anaconda.org/conda-forge/linux-aarch64/mpi4py-4.1.2-py312h2b8f3c7_101.conda#bdb28dae45ea981366ab1be2f6310d78
https://conda.anaconda.org/conda-forge/linux-aarch64/parmetis-4.0.3-h8a67055_1009.conda#a2c2968b468a83ac7d4ae6ff96846b46
https://conda.anaconda.org/conda-forge/noarch/pip-26.2.1-pyh8b19718_0.conda#77b6cf3b0689d9fc68561df0db9b856d
https://conda.anaconda.org/conda-forge/linux-aarch64/scalapack-2.2.0-h668029c_6.conda#8503a2ac6fdf8d6141eb0b2156371cef
https://conda.anaconda.org/conda-forge/linux-aarch64/shapely-2.1.2-py312h0938c8f_3.conda#b8850782bd6243e32e35bd2c4f220943
https://conda.anaconda.org/conda-forge/noarch/snuggs-1.4.7-pyhd8ed1ab_2.conda#9aa358575bbd4be126eaa5e0039f835c
https://conda.anaconda.org/conda-forge/linux-aarch64/fenics-basix-0.11.0-py312hb51c29e_0.conda#e2d1f311a487cf5f27d8d424a4ed416d
https://conda.anaconda.org/conda-forge/linux-aarch64/fiona-1.10.1-py312h9fe06e9_7.conda#ee6b0bb606e739e1be5a8e6fa2fc0c3f
https://conda.anaconda.org/conda-forge/linux-aarch64/h5py-3.16.0-nompi_py312h613db53_104.conda#d3f8adeaea41a0e0e12233440f9ea144
https://conda.anaconda.org/conda-forge/linux-aarch64/libadios2-2.12.1-mpi_mpich_h970b16c_7.conda#4bcbe7674ba59fe1c878b5f965d52afd
https://conda.anaconda.org/conda-forge/linux-aarch64/mumps-mpi-5.8.2-gfortran_h47962c2_3.conda#ce6b90d5a4f81fd76c4e2d98af763803
https://conda.anaconda.org/conda-forge/linux-aarch64/pyogrio-0.13.0-py312h2024594_0.conda#93adf5b9dc2130daf5513f8e42e57d0c
https://conda.anaconda.org/conda-forge/linux-aarch64/rasterio-1.5.1-py312h0c475f7_1.conda#f9e3bbd4b7e18b1c395e90823ef77710
https://conda.anaconda.org/conda-forge/linux-aarch64/superlu_dist-9.2.1-hbd63904_2.conda#e07b5af8353523d7d9cf6703a3fd1cf2
https://conda.anaconda.org/conda-forge/noarch/fenics-ffcx-0.11.0-pyh4a40500_0.conda#140de0c257b99e848efa5a4e28df9ba4
https://conda.anaconda.org/conda-forge/linux-aarch64/petsc-3.25.6-real_h97b4bb5_0.conda#66965cecf05969e0efc320a773dcd35f
https://conda.anaconda.org/conda-forge/linux-aarch64/petsc4py-3.25.5-np2py311ha57a955_1.conda#9b1e4efdc4e32e0a4e0dac155b324858
https://conda.anaconda.org/conda-forge/linux-aarch64/slepc-3.25.2-real_h487d94d_0.conda#4532e03d05049656d7658b05ed39911c
https://conda.anaconda.org/conda-forge/linux-aarch64/fenics-libdolfinx-0.11.0-py312h4343179_101.conda#1e915fcf953f89cc52c1bb316c922efa
https://conda.anaconda.org/conda-forge/linux-aarch64/slepc4py-3.25.2-np2py311h1f039aa_0.conda#f3bd181601b4397660b87d1d859f5b9f
https://conda.anaconda.org/conda-forge/linux-aarch64/fenics-dolfinx-0.11.0-py312he8cf3a9_101.conda#2b9985de67d3544b55011107254a7841
